
Microsoft Visual Studio Solution File, Format Version 12.00
# Visual Studio Version 16
VisualStudioVersion = 16.0.30907.101
MinimumVisualStudioVersion = 10.0.40219.1
Project("{FAE04EC0-301F-11D3-BF4B-00C04F79EFBC}") = "SansliPlatform", "SansliPlatform\SansliPlatform.csproj", "{22D6472B-808C-4072-AA88-906554B1E389}"
EndProject
Project("{FAE04EC0-301F-11D3-BF4B-00C04F79EFBC}") = "SansliPlatform.POSPrinter", "SansliPlatform.POSPrinter\SansliPlatform.POSPrinter.csproj", "{A674D6DC-B106-4894-A04A-22A2B6B47D61}"
EndProject
Project("{FAE04EC0-301F-11D3-BF4B-00C04F79EFBC}") = "SansliPlatform.Data", "SansliPlatform.Data\SansliPlatform.Data.csproj", "{6A0372EC-62C1-4771-A242-F609A9288CD5}"
EndProject
Project("{FAE04EC0-301F-11D3-BF4B-00C04F79EFBC}") = "SansliPlatform.Service", "SansliPlatform.Service\SansliPlatform.Service.csproj", "{75A8B75A-D777-4F02-A12A-78ADA0012856}"
EndProject
Project("{2150E333-8FDC-42A3-9474-1A3956D46DE8}") = "Core", "Core", "{9ADE28E1-7465-49ED-9006-27813FA1621A}"
EndProject
Project("{2150E333-8FDC-42A3-9474-1A3956D46DE8}") = "Business", "Business", "{8755F063-42D2-4A0C-9636-2118A08629C3}"
EndProject
Project("{2150E333-8FDC-42A3-9474-1A3956D46DE8}") = "App", "App", "{42064D86-05E6-46D7-A36A-A428125A796D}"
EndProject
Project("{2150E333-8FDC-42A3-9474-1A3956D46DE8}") = "Other", "Other", "{4B69E2F3-D440-43F9-9DCC-2B4DC03274C3}"
EndProject
Project("{FAE04EC0-301F-11D3-BF4B-00C04F79EFBC}") = "SansliPlatform.EntityFramework", "SansliPlatform.EntityFramework\SansliPlatform.EntityFramework.csproj", "{920F5F4E-7100-4388-97B3-A2A92D63B607}"
EndProject
Project("{FAE04EC0-301F-11D3-BF4B-00C04F79EFBC}") = "SansliPlatform.BusinessRule", "SansliPlatform.BusinessRule\SansliPlatform.BusinessRule.csproj", "{DDCF4B71-2045-4797-91B2-7FD90F641E0E}"
EndProject
Project("{2150E333-8FDC-42A3-9474-1A3956D46DE8}") = "Service", "Service", "{069C921F-835A-4CD7-AACE-4EA9F0577DC1}"
EndProject
Global
	GlobalSection(SolutionConfigurationPlatforms) = preSolution
		Debug|Any CPU = Debug|Any CPU
		Debug|ARM = Debug|ARM
		Debug|ARM64 = Debug|ARM64
		Debug|x64 = Debug|x64
		Debug|x86 = Debug|x86
		Release|Any CPU = Release|Any CPU
		Release|ARM = Release|ARM
		Release|ARM64 = Release|ARM64
		Release|x64 = Release|x64
		Release|x86 = Release|x86
	EndGlobalSection
	GlobalSection(ProjectConfigurationPlatforms) = postSolution
		{22D6472B-808C-4072-AA88-906554B1E389}.Debug|Any CPU.ActiveCfg = Debug|Any CPU
		{22D6472B-808C-4072-AA88-906554B1E389}.Debug|Any CPU.Build.0 = Debug|Any CPU
		{22D6472B-808C-4072-AA88-906554B1E389}.Debug|ARM.ActiveCfg = Debug|Any CPU
		{22D6472B-808C-4072-AA88-906554B1E389}.Debug|ARM.Build.0 = Debug|Any CPU
		{22D6472B-808C-4072-AA88-906554B1E389}.Debug|ARM64.ActiveCfg = Debug|Any CPU
		{22D6472B-808C-4072-AA88-906554B1E389}.Debug|ARM64.Build.0 = Debug|Any CPU
		{22D6472B-808C-4072-AA88-906554B1E389}.Debug|x64.ActiveCfg = Debug|Any CPU
		{22D6472B-808C-4072-AA88-906554B1E389}.Debug|x64.Build.0 = Debug|Any CPU
		{22D6472B-808C-4072-AA88-906554B1E389}.Debug|x86.ActiveCfg = Debug|Any CPU
		{22D6472B-808C-4072-AA88-906554B1E389}.Debug|x86.Build.0 = Debug|Any CPU
		{22D6472B-808C-4072-AA88-906554B1E389}.Release|Any CPU.ActiveCfg = Release|Any CPU
		{22D6472B-808C-4072-AA88-906554B1E389}.Release|Any CPU.Build.0 = Release|Any CPU
		{22D6472B-808C-4072-AA88-906554B1E389}.Release|ARM.ActiveCfg = Release|Any CPU
		{22D6472B-808C-4072-AA88-906554B1E389}.Release|ARM.Build.0 = Release|Any CPU
		{22D6472B-808C-4072-AA88-906554B1E389}.Release|ARM64.ActiveCfg = Release|Any CPU
		{22D6472B-808C-4072-AA88-906554B1E389}.Release|ARM64.Build.0 = Release|Any CPU
		{22D6472B-808C-4072-AA88-906554B1E389}.Release|x64.ActiveCfg = Release|Any CPU
		{22D6472B-808C-4072-AA88-906554B1E389}.Release|x64.Build.0 = Release|Any CPU
		{22D6472B-808C-4072-AA88-906554B1E389}.Release|x86.ActiveCfg = Release|Any CPU
		{22D6472B-808C-4072-AA88-906554B1E389}.Release|x86.Build.0 = Release|Any CPU
		{A674D6DC-B106-4894-A04A-22A2B6B47D61}.Debug|Any CPU.ActiveCfg = Debug|Any CPU
		{A674D6DC-B106-4894-A04A-22A2B6B47D61}.Debug|Any CPU.Build.0 = Debug|Any CPU
		{A674D6DC-B106-4894-A04A-22A2B6B47D61}.Debug|ARM.ActiveCfg = Debug|Any CPU
		{A674D6DC-B106-4894-A04A-22A2B6B47D61}.Debug|ARM.Build.0 = Debug|Any CPU
		{A674D6DC-B106-4894-A04A-22A2B6B47D61}.Debug|ARM64.ActiveCfg = Debug|Any CPU
		{A674D6DC-B106-4894-A04A-22A2B6B47D61}.Debug|ARM64.Build.0 = Debug|Any CPU
		{A674D6DC-B106-4894-A04A-22A2B6B47D61}.Debug|x64.ActiveCfg = Debug|Any CPU
		{A674D6DC-B106-4894-A04A-22A2B6B47D61}.Debug|x64.Build.0 = Debug|Any CPU
		{A674D6DC-B106-4894-A04A-22A2B6B47D61}.Debug|x86.ActiveCfg = Debug|Any CPU
		{A674D6DC-B106-4894-A04A-22A2B6B47D61}.Debug|x86.Build.0 = Debug|Any CPU
		{A674D6DC-B106-4894-A04A-22A2B6B47D61}.Release|Any CPU.ActiveCfg = Release|Any CPU
		{A674D6DC-B106-4894-A04A-22A2B6B47D61}.Release|Any CPU.Build.0 = Release|Any CPU
		{A674D6DC-B106-4894-A04A-22A2B6B47D61}.Release|ARM.ActiveCfg = Release|Any CPU
		{A674D6DC-B106-4894-A04A-22A2B6B47D61}.Release|ARM.Build.0 = Release|Any CPU
		{A674D6DC-B106-4894-A04A-22A2B6B47D61}.Release|ARM64.ActiveCfg = Release|Any CPU
		{A674D6DC-B106-4894-A04A-22A2B6B47D61}.Release|ARM64.Build.0 = Release|Any CPU
		{A674D6DC-B106-4894-A04A-22A2B6B47D61}.Release|x64.ActiveCfg = Release|Any CPU
		{A674D6DC-B106-4894-A04A-22A2B6B47D61}.Release|x64.Build.0 = Release|Any CPU
		{A674D6DC-B106-4894-A04A-22A2B6B47D61}.Release|x86.ActiveCfg = Release|Any CPU
		{A674D6DC-B106-4894-A04A-22A2B6B47D61}.Release|x86.Build.0 = Release|Any CPU
		{6A0372EC-62C1-4771-A242-F609A9288CD5}.Debug|Any CPU.ActiveCfg = Debug|Any CPU
		{6A0372EC-62C1-4771-A242-F609A9288CD5}.Debug|Any CPU.Build.0 = Debug|Any CPU
		{6A0372EC-62C1-4771-A242-F609A9288CD5}.Debug|ARM.ActiveCfg = Debug|Any CPU
		{6A0372EC-62C1-4771-A242-F609A9288CD5}.Debug|ARM.Build.0 = Debug|Any CPU
		{6A0372EC-62C1-4771-A242-F609A9288CD5}.Debug|ARM64.ActiveCfg = Debug|Any CPU
		{6A0372EC-62C1-4771-A242-F609A9288CD5}.Debug|ARM64.Build.0 = Debug|Any CPU
		{6A0372EC-62C1-4771-A242-F609A9288CD5}.Debug|x64.ActiveCfg = Debug|Any CPU
		{6A0372EC-62C1-4771-A242-F609A9288CD5}.Debug|x64.Build.0 = Debug|Any CPU
		{6A0372EC-62C1-4771-A242-F609A9288CD5}.Debug|x86.ActiveCfg = Debug|Any CPU
		{6A0372EC-62C1-4771-A242-F609A9288CD5}.Debug|x86.Build.0 = Debug|Any CPU
		{6A0372EC-62C1-4771-A242-F609A9288CD5}.Release|Any CPU.ActiveCfg = Release|Any CPU
		{6A0372EC-62C1-4771-A242-F609A9288CD5}.Release|Any CPU.Build.0 = Release|Any CPU
		{6A0372EC-62C1-4771-A242-F609A9288CD5}.Release|ARM.ActiveCfg = Release|Any CPU
		{6A0372EC-62C1-4771-A242-F609A9288CD5}.Release|ARM.Build.0 = Release|Any CPU
		{6A0372EC-62C1-4771-A242-F609A9288CD5}.Release|ARM64.ActiveCfg = Release|Any CPU
		{6A0372EC-62C1-4771-A242-F609A9288CD5}.Release|ARM64.Build.0 = Release|Any CPU
		{6A0372EC-62C1-4771-A242-F609A9288CD5}.Release|x64.ActiveCfg = Release|Any CPU
		{6A0372EC-62C1-4771-A242-F609A9288CD5}.Release|x64.Build.0 = Release|Any CPU
		{6A0372EC-62C1-4771-A242-F609A9288CD5}.Release|x86.ActiveCfg = Release|Any CPU
		{6A0372EC-62C1-4771-A242-F609A9288CD5}.Release|x86.Build.0 = Release|Any CPU
		{75A8B75A-D777-4F02-A12A-78ADA0012856}.Debug|Any CPU.ActiveCfg = Debug|Any CPU
		{75A8B75A-D777-4F02-A12A-78ADA0012856}.Debug|Any CPU.Build.0 = Debug|Any CPU
		{75A8B75A-D777-4F02-A12A-78ADA0012856}.Debug|ARM.ActiveCfg = Debug|Any CPU
		{75A8B75A-D777-4F02-A12A-78ADA0012856}.Debug|ARM.Build.0 = Debug|Any CPU
		{75A8B75A-D777-4F02-A12A-78ADA0012856}.Debug|ARM64.ActiveCfg = Debug|Any CPU
		{75A8B75A-D777-4F02-A12A-78ADA0012856}.Debug|ARM64.Build.0 = Debug|Any CPU
		{75A8B75A-D777-4F02-A12A-78ADA0012856}.Debug|x64.ActiveCfg = Debug|Any CPU
		{75A8B75A-D777-4F02-A12A-78ADA0012856}.Debug|x64.Build.0 = Debug|Any CPU
		{75A8B75A-D777-4F02-A12A-78ADA0012856}.Debug|x86.ActiveCfg = Debug|Any CPU
		{75A8B75A-D777-4F02-A12A-78ADA0012856}.Debug|x86.Build.0 = Debug|Any CPU
		{75A8B75A-D777-4F02-A12A-78ADA0012856}.Release|Any CPU.ActiveCfg = Release|Any CPU
		{75A8B75A-D777-4F02-A12A-78ADA0012856}.Release|Any CPU.Build.0 = Release|Any CPU
		{75A8B75A-D777-4F02-A12A-78ADA0012856}.Release|ARM.ActiveCfg = Release|Any CPU
		{75A8B75A-D777-4F02-A12A-78ADA0012856}.Release|ARM.Build.0 = Release|Any CPU
		{75A8B75A-D777-4F02-A12A-78ADA0012856}.Release|ARM64.ActiveCfg = Release|Any CPU
		{75A8B75A-D777-4F02-A12A-78ADA0012856}.Release|ARM64.Build.0 = Release|Any CPU
		{75A8B75A-D777-4F02-A12A-78ADA0012856}.Release|x64.ActiveCfg = Release|Any CPU
		{75A8B75A-D777-4F02-A12A-78ADA0012856}.Release|x64.Build.0 = Release|Any CPU
		{75A8B75A-D777-4F02-A12A-78ADA0012856}.Release|x86.ActiveCfg = Release|Any CPU
		{75A8B75A-D777-4F02-A12A-78ADA0012856}.Release|x86.Build.0 = Release|Any CPU
		{920F5F4E-7100-4388-97B3-A2A92D63B607}.Debug|Any CPU.ActiveCfg = Debug|Any CPU
		{920F5F4E-7100-4388-97B3-A2A92D63B607}.Debug|Any CPU.Build.0 = Debug|Any CPU
		{920F5F4E-7100-4388-97B3-A2A92D63B607}.Debug|ARM.ActiveCfg = Debug|Any CPU
		{920F5F4E-7100-4388-97B3-A2A92D63B607}.Debug|ARM.Build.0 = Debug|Any CPU
		{920F5F4E-7100-4388-97B3-A2A92D63B607}.Debug|ARM64.ActiveCfg = Debug|Any CPU
		{920F5F4E-7100-4388-97B3-A2A92D63B607}.Debug|ARM64.Build.0 = Debug|Any CPU
		{920F5F4E-7100-4388-97B3-A2A92D63B607}.Debug|x64.ActiveCfg = Debug|Any CPU
		{920F5F4E-7100-4388-97B3-A2A92D63B607}.Debug|x64.Build.0 = Debug|Any CPU
		{920F5F4E-7100-4388-97B3-A2A92D63B607}.Debug|x86.ActiveCfg = Debug|Any CPU
		{920F5F4E-7100-4388-97B3-A2A92D63B607}.Debug|x86.Build.0 = Debug|Any CPU
		{920F5F4E-7100-4388-97B3-A2A92D63B607}.Release|Any CPU.ActiveCfg = Release|Any CPU
		{920F5F4E-7100-4388-97B3-A2A92D63B607}.Release|Any CPU.Build.0 = Release|Any CPU
		{920F5F4E-7100-4388-97B3-A2A92D63B607}.Release|ARM.ActiveCfg = Release|Any CPU
		{920F5F4E-7100-4388-97B3-A2A92D63B607}.Release|ARM.Build.0 = Release|Any CPU
		{920F5F4E-7100-4388-97B3-A2A92D63B607}.Release|ARM64.ActiveCfg = Release|Any CPU
		{920F5F4E-7100-4388-97B3-A2A92D63B607}.Release|ARM64.Build.0 = Release|Any CPU
		{920F5F4E-7100-4388-97B3-A2A92D63B607}.Release|x64.ActiveCfg = Release|Any CPU
		{920F5F4E-7100-4388-97B3-A2A92D63B607}.Release|x64.Build.0 = Release|Any CPU
		{920F5F4E-7100-4388-97B3-A2A92D63B607}.Release|x86.ActiveCfg = Release|Any CPU
		{920F5F4E-7100-4388-97B3-A2A92D63B607}.Release|x86.Build.0 = Release|Any CPU
		{DDCF4B71-2045-4797-91B2-7FD90F641E0E}.Debug|Any CPU.ActiveCfg = Debug|Any CPU
		{DDCF4B71-2045-4797-91B2-7FD90F641E0E}.Debug|Any CPU.Build.0 = Debug|Any CPU
		{DDCF4B71-2045-4797-91B2-7FD90F641E0E}.Debug|ARM.ActiveCfg = Debug|Any CPU
		{DDCF4B71-2045-4797-91B2-7FD90F641E0E}.Debug|ARM.Build.0 = Debug|Any CPU
		{DDCF4B71-2045-4797-91B2-7FD90F641E0E}.Debug|ARM64.ActiveCfg = Debug|Any CPU
		{DDCF4B71-2045-4797-91B2-7FD90F641E0E}.Debug|ARM64.Build.0 = Debug|Any CPU
		{DDCF4B71-2045-4797-91B2-7FD90F641E0E}.Debug|x64.ActiveCfg = Debug|Any CPU
		{DDCF4B71-2045-4797-91B2-7FD90F641E0E}.Debug|x64.Build.0 = Debug|Any CPU
		{DDCF4B71-2045-4797-91B2-7FD90F641E0E}.Debug|x86.ActiveCfg = Debug|Any CPU
		{DDCF4B71-2045-4797-91B2-7FD90F641E0E}.Debug|x86.Build.0 = Debug|Any CPU
		{DDCF4B71-2045-4797-91B2-7FD90F641E0E}.Release|Any CPU.ActiveCfg = Release|Any CPU
		{DDCF4B71-2045-4797-91B2-7FD90F641E0E}.Release|Any CPU.Build.0 = Release|Any CPU
		{DDCF4B71-2045-4797-91B2-7FD90F641E0E}.Release|ARM.ActiveCfg = Release|Any CPU
		{DDCF4B71-2045-4797-91B2-7FD90F641E0E}.Release|ARM.Build.0 = Release|Any CPU
		{DDCF4B71-2045-4797-91B2-7FD90F641E0E}.Release|ARM64.ActiveCfg = Release|Any CPU
		{DDCF4B71-2045-4797-91B2-7FD90F641E0E}.Release|ARM64.Build.0 = Release|Any CPU
		{DDCF4B71-2045-4797-91B2-7FD90F641E0E}.Release|x64.ActiveCfg = Release|Any CPU
		{DDCF4B71-2045-4797-91B2-7FD90F641E0E}.Release|x64.Build.0 = Release|Any CPU
		{DDCF4B71-2045-4797-91B2-7FD90F641E0E}.Release|x86.ActiveCfg = Release|Any CPU
		{DDCF4B71-2045-4797-91B2-7FD90F641E0E}.Release|x86.Build.0 = Release|Any CPU
	EndGlobalSection
	GlobalSection(SolutionProperties) = preSolution
		HideSolutionNode = FALSE
	EndGlobalSection
	GlobalSection(NestedProjects) = preSolution
		{22D6472B-808C-4072-AA88-906554B1E389} = {42064D86-05E6-46D7-A36A-A428125A796D}
		{A674D6DC-B106-4894-A04A-22A2B6B47D61} = {4B69E2F3-D440-43F9-9DCC-2B4DC03274C3}
		{6A0372EC-62C1-4771-A242-F609A9288CD5} = {9ADE28E1-7465-49ED-9006-27813FA1621A}
		{75A8B75A-D777-4F02-A12A-78ADA0012856} = {069C921F-835A-4CD7-AACE-4EA9F0577DC1}
		{920F5F4E-7100-4388-97B3-A2A92D63B607} = {9ADE28E1-7465-49ED-9006-27813FA1621A}
		{DDCF4B71-2045-4797-91B2-7FD90F641E0E} = {8755F063-42D2-4A0C-9636-2118A08629C3}
	EndGlobalSection
	GlobalSection(ExtensibilityGlobals) = postSolution
		SolutionGuid = {E83E8538-E5F1-4622-9731-C62F5C2CB790}
	EndGlobalSection
EndGlobal
